
Microsoft Visual Studio Solution File, Format Version 12.00
# Visual Studio Version 17
VisualStudioVersion = 17.5.002.0
MinimumVisualStudioVersion = 10.0.40219.1
Project("{9A19103F-16F7-4668-BE54-9A1E7A4F7556}") = "DesafioPOO", "DesafioPOO.csproj", "{F7C051AC-FD22-4DD7-BC0B-ABE889A9BD70}"
EndProject
Global
	GlobalSection(SolutionConfigurationPlatforms) = preSolution
		Debug|Any CPU = Debug|Any CPU
		Release|Any CPU = Release|Any CPU
	EndGlobalSection
	GlobalSection(ProjectConfigurationPlatforms) = postSolution
		{F7C051AC-FD22-4DD7-BC0B-ABE889A9BD70}.Debug|Any CPU.ActiveCfg = Debug|Any CPU
		{F7C051AC-FD22-4DD7-BC0B-ABE889A9BD70}.Debug|Any CPU.Build.0 = Debug|Any CPU
		{F7C051AC-FD22-4DD7-BC0B-ABE889A9BD70}.Release|Any CPU.ActiveCfg = Release|Any CPU
		{F7C051AC-FD22-4DD7-BC0B-ABE889A9BD70}.Release|Any CPU.Build.0 = Release|Any CPU
	EndGlobalSection
	GlobalSection(SolutionProperties) = preSolution
		HideSolutionNode = FALSE
	EndGlobalSection
	GlobalSection(ExtensibilityGlobals) = postSolution
		SolutionGuid = {858FEA98-5F29-449A-9174-090D4BD44EC2}
	EndGlobalSection
EndGlobal
